
Microsoft Visual Studio Solution File, Format Version 12.00
# Visual Studio Version 17
VisualStudioVersion = 17.4.33205.214
MinimumVisualStudioVersion = 10.0.40219.1
Project("{9A19103F-16F7-4668-BE54-9A1E7A4F7556}") = "msfs-server", "msfs-server\msfs-server.csproj", "{D62AD416-F763-439A-A41D-CD23990AB71B}"
EndProject
Project("{8BC9CEB8-8B4A-11D0-8D11-00A0C91BC942}") = "arduino-headingindicator", "arduino-headingindicator\arduino-headingindicator.vcxproj", "{DE5326DF-1AE9-4E3E-A541-AB518D0A620B}"
EndProject
Project("{8BC9CEB8-8B4A-11D0-8D11-00A0C91BC942}") = "arduino-attitudeindicator", "arduino-attitudeindicator\arduino-attitudeindicator.vcxproj", "{9570899A-C673-40C2-A248-3D99251BFDCD}"
EndProject
Global
	GlobalSection(SolutionConfigurationPlatforms) = preSolution
		Debug|Any CPU = Debug|Any CPU
		Debug|ARM = Debug|ARM
		Debug|ARM64 = Debug|ARM64
		Debug|x64 = Debug|x64
		Debug|x86 = Debug|x86
		Release|Any CPU = Release|Any CPU
		Release|ARM = Release|ARM
		Release|ARM64 = Release|ARM64
		Release|x64 = Release|x64
		Release|x86 = Release|x86
	EndGlobalSection
	GlobalSection(ProjectConfigurationPlatforms) = postSolution
		{D62AD416-F763-439A-A41D-CD23990AB71B}.Debug|Any CPU.ActiveCfg = Debug|Any CPU
		{D62AD416-F763-439A-A41D-CD23990AB71B}.Debug|Any CPU.Build.0 = Debug|Any CPU
		{D62AD416-F763-439A-A41D-CD23990AB71B}.Debug|ARM.ActiveCfg = Debug|Any CPU
		{D62AD416-F763-439A-A41D-CD23990AB71B}.Debug|ARM.Build.0 = Debug|Any CPU
		{D62AD416-F763-439A-A41D-CD23990AB71B}.Debug|ARM64.ActiveCfg = Debug|Any CPU
		{D62AD416-F763-439A-A41D-CD23990AB71B}.Debug|ARM64.Build.0 = Debug|Any CPU
		{D62AD416-F763-439A-A41D-CD23990AB71B}.Debug|x64.ActiveCfg = Debug|x64
		{D62AD416-F763-439A-A41D-CD23990AB71B}.Debug|x64.Build.0 = Debug|x64
		{D62AD416-F763-439A-A41D-CD23990AB71B}.Debug|x86.ActiveCfg = Debug|Any CPU
		{D62AD416-F763-439A-A41D-CD23990AB71B}.Debug|x86.Build.0 = Debug|Any CPU
		{D62AD416-F763-439A-A41D-CD23990AB71B}.Release|Any CPU.ActiveCfg = Release|Any CPU
		{D62AD416-F763-439A-A41D-CD23990AB71B}.Release|Any CPU.Build.0 = Release|Any CPU
		{D62AD416-F763-439A-A41D-CD23990AB71B}.Release|ARM.ActiveCfg = Release|Any CPU
		{D62AD416-F763-439A-A41D-CD23990AB71B}.Release|ARM.Build.0 = Release|Any CPU
		{D62AD416-F763-439A-A41D-CD23990AB71B}.Release|ARM64.ActiveCfg = Release|Any CPU
		{D62AD416-F763-439A-A41D-CD23990AB71B}.Release|ARM64.Build.0 = Release|Any CPU
		{D62AD416-F763-439A-A41D-CD23990AB71B}.Release|x64.ActiveCfg = Release|x64
		{D62AD416-F763-439A-A41D-CD23990AB71B}.Release|x64.Build.0 = Release|x64
		{D62AD416-F763-439A-A41D-CD23990AB71B}.Release|x86.ActiveCfg = Release|Any CPU
		{D62AD416-F763-439A-A41D-CD23990AB71B}.Release|x86.Build.0 = Release|Any CPU
		{DE5326DF-1AE9-4E3E-A541-AB518D0A620B}.Debug|Any CPU.ActiveCfg = Debug|x64
		{DE5326DF-1AE9-4E3E-A541-AB518D0A620B}.Debug|Any CPU.Build.0 = Debug|x64
		{DE5326DF-1AE9-4E3E-A541-AB518D0A620B}.Debug|Any CPU.Deploy.0 = Debug|x64
		{DE5326DF-1AE9-4E3E-A541-AB518D0A620B}.Debug|ARM.ActiveCfg = Debug|ARM
		{DE5326DF-1AE9-4E3E-A541-AB518D0A620B}.Debug|ARM.Build.0 = Debug|ARM
		{DE5326DF-1AE9-4E3E-A541-AB518D0A620B}.Debug|ARM.Deploy.0 = Debug|ARM
		{DE5326DF-1AE9-4E3E-A541-AB518D0A620B}.Debug|ARM64.ActiveCfg = Debug|ARM64
		{DE5326DF-1AE9-4E3E-A541-AB518D0A620B}.Debug|ARM64.Build.0 = Debug|ARM64
		{DE5326DF-1AE9-4E3E-A541-AB518D0A620B}.Debug|ARM64.Deploy.0 = Debug|ARM64
		{DE5326DF-1AE9-4E3E-A541-AB518D0A620B}.Debug|x64.ActiveCfg = Debug|x64
		{DE5326DF-1AE9-4E3E-A541-AB518D0A620B}.Debug|x64.Build.0 = Debug|x64
		{DE5326DF-1AE9-4E3E-A541-AB518D0A620B}.Debug|x64.Deploy.0 = Debug|x64
		{DE5326DF-1AE9-4E3E-A541-AB518D0A620B}.Debug|x86.ActiveCfg = Debug|x86
		{DE5326DF-1AE9-4E3E-A541-AB518D0A620B}.Debug|x86.Build.0 = Debug|x86
		{DE5326DF-1AE9-4E3E-A541-AB518D0A620B}.Debug|x86.Deploy.0 = Debug|x86
		{DE5326DF-1AE9-4E3E-A541-AB518D0A620B}.Release|Any CPU.ActiveCfg = Release|x64
		{DE5326DF-1AE9-4E3E-A541-AB518D0A620B}.Release|Any CPU.Build.0 = Release|x64
		{DE5326DF-1AE9-4E3E-A541-AB518D0A620B}.Release|Any CPU.Deploy.0 = Release|x64
		{DE5326DF-1AE9-4E3E-A541-AB518D0A620B}.Release|ARM.ActiveCfg = Release|ARM
		{DE5326DF-1AE9-4E3E-A541-AB518D0A620B}.Release|ARM.Build.0 = Release|ARM
		{DE5326DF-1AE9-4E3E-A541-AB518D0A620B}.Release|ARM.Deploy.0 = Release|ARM
		{DE5326DF-1AE9-4E3E-A541-AB518D0A620B}.Release|ARM64.ActiveCfg = Release|ARM64
		{DE5326DF-1AE9-4E3E-A541-AB518D0A620B}.Release|ARM64.Build.0 = Release|ARM64
		{DE5326DF-1AE9-4E3E-A541-AB518D0A620B}.Release|ARM64.Deploy.0 = Release|ARM64
		{DE5326DF-1AE9-4E3E-A541-AB518D0A620B}.Release|x64.ActiveCfg = Release|x64
		{DE5326DF-1AE9-4E3E-A541-AB518D0A620B}.Release|x64.Build.0 = Release|x64
		{DE5326DF-1AE9-4E3E-A541-AB518D0A620B}.Release|x64.Deploy.0 = Release|x64
		{DE5326DF-1AE9-4E3E-A541-AB518D0A620B}.Release|x86.ActiveCfg = Release|x86
		{DE5326DF-1AE9-4E3E-A541-AB518D0A620B}.Release|x86.Build.0 = Release|x86
		{DE5326DF-1AE9-4E3E-A541-AB518D0A620B}.Release|x86.Deploy.0 = Release|x86
		{9570899A-C673-40C2-A248-3D99251BFDCD}.Debug|Any CPU.ActiveCfg = Debug|x64
		{9570899A-C673-40C2-A248-3D99251BFDCD}.Debug|Any CPU.Build.0 = Debug|x64
		{9570899A-C673-40C2-A248-3D99251BFDCD}.Debug|Any CPU.Deploy.0 = Debug|x64
		{9570899A-C673-40C2-A248-3D99251BFDCD}.Debug|ARM.ActiveCfg = Debug|ARM
		{9570899A-C673-40C2-A248-3D99251BFDCD}.Debug|ARM.Build.0 = Debug|ARM
		{9570899A-C673-40C2-A248-3D99251BFDCD}.Debug|ARM.Deploy.0 = Debug|ARM
		{9570899A-C673-40C2-A248-3D99251BFDCD}.Debug|ARM64.ActiveCfg = Debug|ARM64
		{9570899A-C673-40C2-A248-3D99251BFDCD}.Debug|ARM64.Build.0 = Debug|ARM64
		{9570899A-C673-40C2-A248-3D99251BFDCD}.Debug|ARM64.Deploy.0 = Debug|ARM64
		{9570899A-C673-40C2-A248-3D99251BFDCD}.Debug|x64.ActiveCfg = Debug|x64
		{9570899A-C673-40C2-A248-3D99251BFDCD}.Debug|x64.Build.0 = Debug|x64
		{9570899A-C673-40C2-A248-3D99251BFDCD}.Debug|x64.Deploy.0 = Debug|x64
		{9570899A-C673-40C2-A248-3D99251BFDCD}.Debug|x86.ActiveCfg = Debug|x86
		{9570899A-C673-40C2-A248-3D99251BFDCD}.Debug|x86.Build.0 = Debug|x86
		{9570899A-C673-40C2-A248-3D99251BFDCD}.Debug|x86.Deploy.0 = Debug|x86
		{9570899A-C673-40C2-A248-3D99251BFDCD}.Release|Any CPU.ActiveCfg = Release|x64
		{9570899A-C673-40C2-A248-3D99251BFDCD}.Release|Any CPU.Build.0 = Release|x64
		{9570899A-C673-40C2-A248-3D99251BFDCD}.Release|Any CPU.Deploy.0 = Release|x64
		{9570899A-C673-40C2-A248-3D99251BFDCD}.Release|ARM.ActiveCfg = Release|ARM
		{9570899A-C673-40C2-A248-3D99251BFDCD}.Release|ARM.Build.0 = Release|ARM
		{9570899A-C673-40C2-A248-3D99251BFDCD}.Release|ARM.Deploy.0 = Release|ARM
		{9570899A-C673-40C2-A248-3D99251BFDCD}.Release|ARM64.ActiveCfg = Release|ARM64
		{9570899A-C673-40C2-A248-3D99251BFDCD}.Release|ARM64.Build.0 = Release|ARM64
		{9570899A-C673-40C2-A248-3D99251BFDCD}.Release|ARM64.Deploy.0 = Release|ARM64
		{9570899A-C673-40C2-A248-3D99251BFDCD}.Release|x64.ActiveCfg = Release|x64
		{9570899A-C673-40C2-A248-3D99251BFDCD}.Release|x64.Build.0 = Release|x64
		{9570899A-C673-40C2-A248-3D99251BFDCD}.Release|x64.Deploy.0 = Release|x64
		{9570899A-C673-40C2-A248-3D99251BFDCD}.Release|x86.ActiveCfg = Release|x86
		{9570899A-C673-40C2-A248-3D99251BFDCD}.Release|x86.Build.0 = Release|x86
		{9570899A-C673-40C2-A248-3D99251BFDCD}.Release|x86.Deploy.0 = Release|x86
	EndGlobalSection
	GlobalSection(SolutionProperties) = preSolution
		HideSolutionNode = FALSE
	EndGlobalSection
	GlobalSection(ExtensibilityGlobals) = postSolution
		SolutionGuid = {C952FF01-E439-48E0-B59E-7D4910071782}
	EndGlobalSection
EndGlobal
