
Microsoft Visual Studio Solution File, Format Version 12.00
# Visual Studio Version 17
VisualStudioVersion = 17.4.33205.214
MinimumVisualStudioVersion = 10.0.40219.1
Project("{9A19103F-16F7-4668-BE54-9A1E7A4F7556}") = "msfs-server", "msfs-server\msfs-server.csproj", "{D62AD416-F763-439A-A41D-CD23990AB71B}"
EndProject
Global
	GlobalSection(SolutionConfigurationPlatforms) = preSolution
		Debug|Any CPU = Debug|Any CPU
		Debug|x64 = Debug|x64
		Release|Any CPU = Release|Any CPU
		Release|x64 = Release|x64
	EndGlobalSection
	GlobalSection(ProjectConfigurationPlatforms) = postSolution
		{D62AD416-F763-439A-A41D-CD23990AB71B}.Debug|Any CPU.ActiveCfg = Debug|Any CPU
		{D62AD416-F763-439A-A41D-CD23990AB71B}.Debug|Any CPU.Build.0 = Debug|Any CPU
		{D62AD416-F763-439A-A41D-CD23990AB71B}.Debug|x64.ActiveCfg = Debug|x64
		{D62AD416-F763-439A-A41D-CD23990AB71B}.Debug|x64.Build.0 = Debug|x64
		{D62AD416-F763-439A-A41D-CD23990AB71B}.Release|Any CPU.ActiveCfg = Release|Any CPU
		{D62AD416-F763-439A-A41D-CD23990AB71B}.Release|Any CPU.Build.0 = Release|Any CPU
		{D62AD416-F763-439A-A41D-CD23990AB71B}.Release|x64.ActiveCfg = Release|x64
		{D62AD416-F763-439A-A41D-CD23990AB71B}.Release|x64.Build.0 = Release|x64
	EndGlobalSection
	GlobalSection(SolutionProperties) = preSolution
		HideSolutionNode = FALSE
	EndGlobalSection
	GlobalSection(ExtensibilityGlobals) = postSolution
		SolutionGuid = {C952FF01-E439-48E0-B59E-7D4910071782}
	EndGlobalSection
EndGlobal
